
Microsoft Visual Studio Solution File, Format Version 12.00
# Visual Studio 15
Project("{FAE04EC0-301F-11D3-BF4B-00C04F79EFBC}") = "ios_test_app", "ios_test_app\ios_test_app.csproj", "{5264FFBA-5D45-458B-97C3-A6AFD0B34D29}"
EndProject
Global
	GlobalSection(SolutionConfigurationPlatforms) = preSolution
		Debug|iPhoneSimulator = Debug|iPhoneSimulator
		Release|iPhoneSimulator = Release|iPhoneSimulator
		Debug|iPhone = Debug|iPhone
		Release|iPhone = Release|iPhone
	EndGlobalSection
	GlobalSection(ProjectConfigurationPlatforms) = postSolution
		{5264FFBA-5D45-458B-97C3-A6AFD0B34D29}.Debug|iPhoneSimulator.ActiveCfg = Debug|iPhoneSimulator
		{5264FFBA-5D45-458B-97C3-A6AFD0B34D29}.Debug|iPhoneSimulator.Build.0 = Debug|iPhoneSimulator
		{5264FFBA-5D45-458B-97C3-A6AFD0B34D29}.Release|iPhoneSimulator.ActiveCfg = Release|iPhoneSimulator
		{5264FFBA-5D45-458B-97C3-A6AFD0B34D29}.Release|iPhoneSimulator.Build.0 = Release|iPhoneSimulator
		{5264FFBA-5D45-458B-97C3-A6AFD0B34D29}.Debug|iPhone.ActiveCfg = Debug|iPhone
		{5264FFBA-5D45-458B-97C3-A6AFD0B34D29}.Debug|iPhone.Build.0 = Debug|iPhone
		{5264FFBA-5D45-458B-97C3-A6AFD0B34D29}.Release|iPhone.ActiveCfg = Release|iPhone
		{5264FFBA-5D45-458B-97C3-A6AFD0B34D29}.Release|iPhone.Build.0 = Release|iPhone
	EndGlobalSection
EndGlobal
