
Microsoft Visual Studio Solution File, Format Version 12.00
# Visual Studio 15
Project("{FAE04EC0-301F-11D3-BF4B-00C04F79EFBC}") = "SampleApp.Native.iOS", "SampleApp.Native.iOS\SampleApp.Native.iOS.csproj", "{BD29B607-5209-4AC7-9362-C774F3EB366A}"
EndProject
Project("{FAE04EC0-301F-11D3-BF4B-00C04F79EFBC}") = "SampleApp.Native.Android", "SampleApp.Native.Android\SampleApp.Native.Android.csproj", "{70B3DC59-DA0E-4447-84E9-92C93FBE859D}"
EndProject
Global
	GlobalSection(SolutionConfigurationPlatforms) = preSolution
		Debug|iPhoneSimulator = Debug|iPhoneSimulator
		Release|iPhoneSimulator = Release|iPhoneSimulator
		Debug|iPhone = Debug|iPhone
		Release|iPhone = Release|iPhone
	EndGlobalSection
	GlobalSection(ProjectConfigurationPlatforms) = postSolution
		{BD29B607-5209-4AC7-9362-C774F3EB366A}.Debug|iPhoneSimulator.ActiveCfg = Debug|iPhoneSimulator
		{BD29B607-5209-4AC7-9362-C774F3EB366A}.Debug|iPhoneSimulator.Build.0 = Debug|iPhoneSimulator
		{BD29B607-5209-4AC7-9362-C774F3EB366A}.Release|iPhoneSimulator.ActiveCfg = Release|iPhoneSimulator
		{BD29B607-5209-4AC7-9362-C774F3EB366A}.Release|iPhoneSimulator.Build.0 = Release|iPhoneSimulator
		{BD29B607-5209-4AC7-9362-C774F3EB366A}.Debug|iPhone.ActiveCfg = Debug|iPhone
		{BD29B607-5209-4AC7-9362-C774F3EB366A}.Debug|iPhone.Build.0 = Debug|iPhone
		{BD29B607-5209-4AC7-9362-C774F3EB366A}.Release|iPhone.ActiveCfg = Release|iPhone
		{BD29B607-5209-4AC7-9362-C774F3EB366A}.Release|iPhone.Build.0 = Release|iPhone
		{70B3DC59-DA0E-4447-84E9-92C93FBE859D}.Debug|iPhoneSimulator.ActiveCfg = Debug|Any CPU
		{70B3DC59-DA0E-4447-84E9-92C93FBE859D}.Debug|iPhoneSimulator.Build.0 = Debug|Any CPU
		{70B3DC59-DA0E-4447-84E9-92C93FBE859D}.Release|iPhoneSimulator.ActiveCfg = Release|Any CPU
		{70B3DC59-DA0E-4447-84E9-92C93FBE859D}.Release|iPhoneSimulator.Build.0 = Release|Any CPU
		{70B3DC59-DA0E-4447-84E9-92C93FBE859D}.Debug|iPhone.ActiveCfg = Debug|Any CPU
		{70B3DC59-DA0E-4447-84E9-92C93FBE859D}.Debug|iPhone.Build.0 = Debug|Any CPU
		{70B3DC59-DA0E-4447-84E9-92C93FBE859D}.Release|iPhone.ActiveCfg = Release|Any CPU
		{70B3DC59-DA0E-4447-84E9-92C93FBE859D}.Release|iPhone.Build.0 = Release|Any CPU
	EndGlobalSection
EndGlobal
