
Microsoft Visual Studio Solution File, Format Version 12.00
# Visual Studio 15
Project("{FAE04EC0-301F-11D3-BF4B-00C04F79EFBC}") = "android_test_app", "android_test_app.csproj", "{70B3DC59-DA0E-4447-84E9-92C93FBE859D}"
EndProject
Global
	GlobalSection(SolutionConfigurationPlatforms) = preSolution
		Debug|Any CPU = Debug|Any CPU
		Release|Any CPU = Release|Any CPU
	EndGlobalSection
	GlobalSection(ProjectConfigurationPlatforms) = postSolution
		{70B3DC59-DA0E-4447-84E9-92C93FBE859D}.Debug|Any CPU.ActiveCfg = Debug|Any CPU
		{70B3DC59-DA0E-4447-84E9-92C93FBE859D}.Debug|Any CPU.Build.0 = Debug|Any CPU
		{70B3DC59-DA0E-4447-84E9-92C93FBE859D}.Release|Any CPU.ActiveCfg = Release|Any CPU
		{70B3DC59-DA0E-4447-84E9-92C93FBE859D}.Release|Any CPU.Build.0 = Release|Any CPU
	EndGlobalSection
EndGlobal
